<?xml version="1.0" encoding="utf-8"?>
<Project ToolsVersion="16.0" xmlns="http://schemas.microsoft.com/developer/msbuild/2003">
  <ItemGroup>
    <ClCompile Include="C:\Users\MBreit\Desktop\Samples\pylonDataProcessing\C++\compositedatatypes\main.cpp">
      <Filter>Source Files</Filter>
    </ClCompile>
  </ItemGroup>
  <ItemGroup>
    <CustomBuild Include="C:\Users\MBreit\Desktop\Samples\pylonDataProcessing\C++\compositedatatypes\CMakeLists.txt" />
  </ItemGroup>
  <ItemGroup>
    <None Include="C:\Users\MBreit\Desktop\Samples\pylonDataProcessing\C++\compositedatatypes\composite_data_types.precipe" />
  </ItemGroup>
  <ItemGroup>
    <Filter Include="Source Files">
      <UniqueIdentifier>{38CF322C-A6D6-3ABE-BB76-95BA28A79F05}</UniqueIdentifier>
    </Filter>
  </ItemGroup>
</Project>
